// !$*UTF8*$!
{
	archiveVersion = 1;
	classes = {
	};
	objectVersion = 50;
	objects = {

/* Begin PBXBuildFile section */
		28439A5921CC8EE2007E86BF /* AppDelegate.m in Sources */ = {isa = PBXBuildFile; fileRef = 28439A5821CC8EE2007E86BF /* AppDelegate.m */; };
		28439A6121CC8EE4007E86BF /* Assets.xcassets in Resources */ = {isa = PBXBuildFile; fileRef = 28439A6021CC8EE4007E86BF /* Assets.xcassets */; };
		28439A6421CC8EE4007E86BF /* LaunchScreen.storyboard in Resources */ = {isa = PBXBuildFile; fileRef = 28439A6221CC8EE4007E86BF /* LaunchScreen.storyboard */; };
		28439A6721CC8EE4007E86BF /* main.m in Sources */ = {isa = PBXBuildFile; fileRef = 28439A6621CC8EE4007E86BF /* main.m */; };
		28439A6F21CC8F65007E86BF /* YUNRootViewController.m in Sources */ = {isa = PBXBuildFile; fileRef = 28439A6E21CC8F65007E86BF /* YUNRootViewController.m */; };
		28439A7321CC90C9007E86BF /* YUNDetailViewController.m in Sources */ = {isa = PBXBuildFile; fileRef = 28439A7221CC90C9007E86BF /* YUNDetailViewController.m */; };
		28439A7E21CCBC0B007E86BF /* WechatIMG18.jpeg in Resources */ = {isa = PBXBuildFile; fileRef = 28439A7421CCBC0A007E86BF /* WechatIMG18.jpeg */; };
		28439A7F21CCBC0B007E86BF /* WechatIMG14.jpeg in Resources */ = {isa = PBXBuildFile; fileRef = 28439A7521CCBC0A007E86BF /* WechatIMG14.jpeg */; };
		28439A8021CCBC0B007E86BF /* YUNNewsCell.m in Sources */ = {isa = PBXBuildFile; fileRef = 28439A7621CCBC0A007E86BF /* YUNNewsCell.m */; };
		28439A8121CCBC0B007E86BF /* YUNNewsItem.m in Sources */ = {isa = PBXBuildFile; fileRef = 28439A7721CCBC0A007E86BF /* YUNNewsItem.m */; };
		28439A8221CCBC0B007E86BF /* WechatIMG17.jpeg in Resources */ = {isa = PBXBuildFile; fileRef = 28439A7821CCBC0A007E86BF /* WechatIMG17.jpeg */; };
		28439A8321CCBC0B007E86BF /* WechatIMG16.jpeg in Resources */ = {isa = PBXBuildFile; fileRef = 28439A7921CCBC0A007E86BF /* WechatIMG16.jpeg */; };
		28439A8421CCBC0B007E86BF /* WechatIMG15.jpeg in Resources */ = {isa = PBXBuildFile; fileRef = 28439A7A21CCBC0A007E86BF /* WechatIMG15.jpeg */; };
		28439A8521CCBC0B007E86BF /* WechatIMG19.jpeg in Resources */ = {isa = PBXBuildFile; fileRef = 28439A7C21CCBC0A007E86BF /* WechatIMG19.jpeg */; };
		28439A8C21D0C295007E86BF /* UIView+QNUtil.m in Sources */ = {isa = PBXBuildFile; fileRef = 28439A8B21D0C295007E86BF /* UIView+QNUtil.m */; };
/* End PBXBuildFile section */

/* Begin PBXFileReference section */
		28439A5421CC8EE2007E86BF /* DetailPageArchitecture.app */ = {isa = PBXFileReference; explicitFileType = wrapper.application; includeInIndex = 0; path = DetailPageArchitecture.app; sourceTree = BUILT_PRODUCTS_DIR; };
		28439A5721CC8EE2007E86BF /* AppDelegate.h */ = {isa = PBXFileReference; lastKnownFileType = sourcecode.c.h; path = AppDelegate.h; sourceTree = "<group>"; };
		28439A5821CC8EE2007E86BF /* AppDelegate.m */ = {isa = PBXFileReference; lastKnownFileType = sourcecode.c.objc; path = AppDelegate.m; sourceTree = "<group>"; };
		28439A6021CC8EE4007E86BF /* Assets.xcassets */ = {isa = PBXFileReference; lastKnownFileType = folder.assetcatalog; path = Assets.xcassets; sourceTree = "<group>"; };
		28439A6321CC8EE4007E86BF /* Base */ = {isa = PBXFileReference; lastKnownFileType = file.storyboard; name = Base; path = Base.lproj/LaunchScreen.storyboard; sourceTree = "<group>"; };
		28439A6521CC8EE4007E86BF /* Info.plist */ = {isa = PBXFileReference; lastKnownFileType = text.plist.xml; path = Info.plist; sourceTree = "<group>"; };
		28439A6621CC8EE4007E86BF /* main.m */ = {isa = PBXFileReference; lastKnownFileType = sourcecode.c.objc; path = main.m; sourceTree = "<group>"; };
		28439A6D21CC8F65007E86BF /* YUNRootViewController.h */ = {isa = PBXFileReference; lastKnownFileType = sourcecode.c.h; path = YUNRootViewController.h; sourceTree = "<group>"; };
		28439A6E21CC8F65007E86BF /* YUNRootViewController.m */ = {isa = PBXFileReference; lastKnownFileType = sourcecode.c.objc; path = YUNRootViewController.m; sourceTree = "<group>"; };
		28439A7121CC90C9007E86BF /* YUNDetailViewController.h */ = {isa = PBXFileReference; lastKnownFileType = sourcecode.c.h; path = YUNDetailViewController.h; sourceTree = "<group>"; };
		28439A7221CC90C9007E86BF /* YUNDetailViewController.m */ = {isa = PBXFileReference; lastKnownFileType = sourcecode.c.objc; path = YUNDetailViewController.m; sourceTree = "<group>"; };
		28439A7421CCBC0A007E86BF /* WechatIMG18.jpeg */ = {isa = PBXFileReference; lastKnownFileType = image.jpeg; path = WechatIMG18.jpeg; sourceTree = "<group>"; };
		28439A7521CCBC0A007E86BF /* WechatIMG14.jpeg */ = {isa = PBXFileReference; lastKnownFileType = image.jpeg; path = WechatIMG14.jpeg; sourceTree = "<group>"; };
		28439A7621CCBC0A007E86BF /* YUNNewsCell.m */ = {isa = PBXFileReference; fileEncoding = 4; lastKnownFileType = sourcecode.c.objc; path = YUNNewsCell.m; sourceTree = "<group>"; };
		28439A7721CCBC0A007E86BF /* YUNNewsItem.m */ = {isa = PBXFileReference; fileEncoding = 4; lastKnownFileType = sourcecode.c.objc; path = YUNNewsItem.m; sourceTree = "<group>"; };
		28439A7821CCBC0A007E86BF /* WechatIMG17.jpeg */ = {isa = PBXFileReference; lastKnownFileType = image.jpeg; path = WechatIMG17.jpeg; sourceTree = "<group>"; };
		28439A7921CCBC0A007E86BF /* WechatIMG16.jpeg */ = {isa = PBXFileReference; lastKnownFileType = image.jpeg; path = WechatIMG16.jpeg; sourceTree = "<group>"; };
		28439A7A21CCBC0A007E86BF /* WechatIMG15.jpeg */ = {isa = PBXFileReference; lastKnownFileType = image.jpeg; path = WechatIMG15.jpeg; sourceTree = "<group>"; };
		28439A7B21CCBC0A007E86BF /* YUNNewsItem.h */ = {isa = PBXFileReference; fileEncoding = 4; lastKnownFileType = sourcecode.c.h; path = YUNNewsItem.h; sourceTree = "<group>"; };
		28439A7C21CCBC0A007E86BF /* WechatIMG19.jpeg */ = {isa = PBXFileReference; lastKnownFileType = image.jpeg; path = WechatIMG19.jpeg; sourceTree = "<group>"; };
		28439A7D21CCBC0B007E86BF /* YUNNewsCell.h */ = {isa = PBXFileReference; fileEncoding = 4; lastKnownFileType = sourcecode.c.h; path = YUNNewsCell.h; sourceTree = "<group>"; };
		28439A8A21D0C295007E86BF /* UIView+QNUtil.h */ = {isa = PBXFileReference; lastKnownFileType = sourcecode.c.h; path = "UIView+QNUtil.h"; sourceTree = "<group>"; };
		28439A8B21D0C295007E86BF /* UIView+QNUtil.m */ = {isa = PBXFileReference; lastKnownFileType = sourcecode.c.objc; path = "UIView+QNUtil.m"; sourceTree = "<group>"; };
/* End PBXFileReference section */

/* Begin PBXFrameworksBuildPhase section */
		28439A5121CC8EE2007E86BF /* Frameworks */ = {
			isa = PBXFrameworksBuildPhase;
			buildActionMask = 2147483647;
			files = (
			);
			runOnlyForDeploymentPostprocessing = 0;
		};
/* End PBXFrameworksBuildPhase section */

/* Begin PBXGroup section */
		28439A4B21CC8EE2007E86BF = {
			isa = PBXGroup;
			children = (
				28439A5621CC8EE2007E86BF /* DetailPageArchitecture */,
				28439A5521CC8EE2007E86BF /* Products */,
			);
			sourceTree = "<group>";
		};
		28439A5521CC8EE2007E86BF /* Products */ = {
			isa = PBXGroup;
			children = (
				28439A5421CC8EE2007E86BF /* DetailPageArchitecture.app */,
			);
			name = Products;
			sourceTree = "<group>";
		};
		28439A5621CC8EE2007E86BF /* DetailPageArchitecture */ = {
			isa = PBXGroup;
			children = (
				28439A7021CC909C007E86BF /* class */,
				28439A6021CC8EE4007E86BF /* Assets.xcassets */,
				28439A6221CC8EE4007E86BF /* LaunchScreen.storyboard */,
				28439A6521CC8EE4007E86BF /* Info.plist */,
				28439A6621CC8EE4007E86BF /* main.m */,
			);
			path = DetailPageArchitecture;
			sourceTree = "<group>";
		};
		28439A7021CC909C007E86BF /* class */ = {
			isa = PBXGroup;
			children = (
				28439A8921D0C1EF007E86BF /* UIKitCategory */,
				28439A7521CCBC0A007E86BF /* WechatIMG14.jpeg */,
				28439A7A21CCBC0A007E86BF /* WechatIMG15.jpeg */,
				28439A7921CCBC0A007E86BF /* WechatIMG16.jpeg */,
				28439A7821CCBC0A007E86BF /* WechatIMG17.jpeg */,
				28439A7421CCBC0A007E86BF /* WechatIMG18.jpeg */,
				28439A7C21CCBC0A007E86BF /* WechatIMG19.jpeg */,
				28439A7D21CCBC0B007E86BF /* YUNNewsCell.h */,
				28439A7621CCBC0A007E86BF /* YUNNewsCell.m */,
				28439A7B21CCBC0A007E86BF /* YUNNewsItem.h */,
				28439A7721CCBC0A007E86BF /* YUNNewsItem.m */,
				28439A6D21CC8F65007E86BF /* YUNRootViewController.h */,
				28439A6E21CC8F65007E86BF /* YUNRootViewController.m */,
				28439A5721CC8EE2007E86BF /* AppDelegate.h */,
				28439A5821CC8EE2007E86BF /* AppDelegate.m */,
				28439A7121CC90C9007E86BF /* YUNDetailViewController.h */,
				28439A7221CC90C9007E86BF /* YUNDetailViewController.m */,
			);
			path = class;
			sourceTree = "<group>";
		};
		28439A8921D0C1EF007E86BF /* UIKitCategory */ = {
			isa = PBXGroup;
			children = (
				28439A8A21D0C295007E86BF /* UIView+QNUtil.h */,
				28439A8B21D0C295007E86BF /* UIView+QNUtil.m */,
			);
			path = UIKitCategory;
			sourceTree = "<group>";
		};
/* End PBXGroup section */

/* Begin PBXNativeTarget section */
		28439A5321CC8EE2007E86BF /* DetailPageArchitecture */ = {
			isa = PBXNativeTarget;
			buildConfigurationList = 28439A6A21CC8EE4007E86BF /* Build configuration list for PBXNativeTarget "DetailPageArchitecture" */;
			buildPhases = (
				28439A5021CC8EE2007E86BF /* Sources */,
				28439A5121CC8EE2007E86BF /* Frameworks */,
				28439A5221CC8EE2007E86BF /* Resources */,
			);
			buildRules = (
			);
			dependencies = (
			);
			name = DetailPageArchitecture;
			productName = DetailPageArchitecture;
			productReference = 28439A5421CC8EE2007E86BF /* DetailPageArchitecture.app */;
			productType = "com.apple.product-type.application";
		};
/* End PBXNativeTarget section */

/* Begin PBXProject section */
		28439A4C21CC8EE2007E86BF /* Project object */ = {
			isa = PBXProject;
			attributes = {
				LastUpgradeCheck = 1000;
				ORGANIZATIONNAME = zhiyunyu;
				TargetAttributes = {
					28439A5321CC8EE2007E86BF = {
						CreatedOnToolsVersion = 10.0;
					};
				};
			};
			buildConfigurationList = 28439A4F21CC8EE2007E86BF /* Build configuration list for PBXProject "DetailPageArchitecture" */;
			compatibilityVersion = "Xcode 9.3";
			developmentRegion = en;
			hasScannedForEncodings = 0;
			knownRegions = (
				en,
				Base,
			);
			mainGroup = 28439A4B21CC8EE2007E86BF;
			productRefGroup = 28439A5521CC8EE2007E86BF /* Products */;
			projectDirPath = "";
			projectRoot = "";
			targets = (
				28439A5321CC8EE2007E86BF /* DetailPageArchitecture */,
			);
		};
/* End PBXProject section */

/* Begin PBXResourcesBuildPhase section */
		28439A5221CC8EE2007E86BF /* Resources */ = {
			isa = PBXResourcesBuildPhase;
			buildActionMask = 2147483647;
			files = (
				28439A8321CCBC0B007E86BF /* WechatIMG16.jpeg in Resources */,
				28439A7E21CCBC0B007E86BF /* WechatIMG18.jpeg in Resources */,
				28439A6421CC8EE4007E86BF /* LaunchScreen.storyboard in Resources */,
				28439A8221CCBC0B007E86BF /* WechatIMG17.jpeg in Resources */,
				28439A7F21CCBC0B007E86BF /* WechatIMG14.jpeg in Resources */,
				28439A6121CC8EE4007E86BF /* Assets.xcassets in Resources */,
				28439A8421CCBC0B007E86BF /* WechatIMG15.jpeg in Resources */,
				28439A8521CCBC0B007E86BF /* WechatIMG19.jpeg in Resources */,
			);
			runOnlyForDeploymentPostprocessing = 0;
		};
/* End PBXResourcesBuildPhase section */

/* Begin PBXSourcesBuildPhase section */
		28439A5021CC8EE2007E86BF /* Sources */ = {
			isa = PBXSourcesBuildPhase;
			buildActionMask = 2147483647;
			files = (
				28439A6721CC8EE4007E86BF /* main.m in Sources */,
				28439A8021CCBC0B007E86BF /* YUNNewsCell.m in Sources */,
				28439A8C21D0C295007E86BF /* UIView+QNUtil.m in Sources */,
				28439A8121CCBC0B007E86BF /* YUNNewsItem.m in Sources */,
				28439A5921CC8EE2007E86BF /* AppDelegate.m in Sources */,
				28439A7321CC90C9007E86BF /* YUNDetailViewController.m in Sources */,
				28439A6F21CC8F65007E86BF /* YUNRootViewController.m in Sources */,
			);
			runOnlyForDeploymentPostprocessing = 0;
		};
/* End PBXSourcesBuildPhase section */

/* Begin PBXVariantGroup section */
		28439A6221CC8EE4007E86BF /* LaunchScreen.storyboard */ = {
			isa = PBXVariantGroup;
			children = (
				28439A6321CC8EE4007E86BF /* Base */,
			);
			name = LaunchScreen.storyboard;
			sourceTree = "<group>";
		};
/* End PBXVariantGroup section */

/* Begin XCBuildConfiguration section */
		28439A6821CC8EE4007E86BF /* Debug */ = {
			isa = XCBuildConfiguration;
			buildSettings = {
				ALWAYS_SEARCH_USER_PATHS = NO;
				CLANG_ANALYZER_NONNULL = YES;
				CLANG_ANALYZER_NUMBER_OBJECT_CONVERSION = YES_AGGRESSIVE;
				CLANG_CXX_LANGUAGE_STANDARD = "gnu++14";
				CLANG_CXX_LIBRARY = "libc++";
				CLANG_ENABLE_MODULES = YES;
				CLANG_ENABLE_OBJC_ARC = YES;
				CLANG_ENABLE_OBJC_WEAK = YES;
				CLANG_WARN_BLOCK_CAPTURE_AUTORELEASING = YES;
				CLANG_WARN_BOOL_CONVERSION = YES;
				CLANG_WARN_COMMA = YES;
				CLANG_WARN_CONSTANT_CONVERSION = YES;
				CLANG_WARN_DEPRECATED_OBJC_IMPLEMENTATIONS = YES;
				CLANG_WARN_DIRECT_OBJC_ISA_USAGE = YES_ERROR;
				CLANG_WARN_DOCUMENTATION_COMMENTS = YES;
				CLANG_WARN_EMPTY_BODY = YES;
				CLANG_WARN_ENUM_CONVERSION = YES;
				CLANG_WARN_INFINITE_RECURSION = YES;
				CLANG_WARN_INT_CONVERSION = YES;
				CLANG_WARN_NON_LITERAL_NULL_CONVERSION = YES;
				CLANG_WARN_OBJC_IMPLICIT_RETAIN_SELF = YES;
				CLANG_WARN_OBJC_LITERAL_CONVERSION = YES;
				CLANG_WARN_OBJC_ROOT_CLASS = YES_ERROR;
				CLANG_WARN_RANGE_LOOP_ANALYSIS = YES;
				CLANG_WARN_STRICT_PROTOTYPES = YES;
				CLANG_WARN_SUSPICIOUS_MOVE = YES;
				CLANG_WARN_UNGUARDED_AVAILABILITY = YES_AGGRESSIVE;
				CLANG_WARN_UNREACHABLE_CODE = YES;
				CLANG_WARN__DUPLICATE_METHOD_MATCH = YES;
				CODE_SIGN_IDENTITY = "iPhone Developer";
				COPY_PHASE_STRIP = NO;
				DEBUG_INFORMATION_FORMAT = dwarf;
				ENABLE_STRICT_OBJC_MSGSEND = YES;
				ENABLE_TESTABILITY = YES;
				GCC_C_LANGUAGE_STANDARD = gnu11;
				GCC_DYNAMIC_NO_PIC = NO;
				GCC_NO_COMMON_BLOCKS = YES;
				GCC_OPTIMIZATION_LEVEL = 0;
				GCC_PREPROCESSOR_DEFINITIONS = (
					"DEBUG=1",
					"$(inherited)",
				);
				GCC_WARN_64_TO_32_BIT_CONVERSION = YES;
				GCC_WARN_ABOUT_RETURN_TYPE = YES_ERROR;
				GCC_WARN_UNDECLARED_SELECTOR = YES;
				GCC_WARN_UNINITIALIZED_AUTOS = YES_AGGRESSIVE;
				GCC_WARN_UNUSED_FUNCTION = YES;
				GCC_WARN_UNUSED_VARIABLE = YES;
				IPHONEOS_DEPLOYMENT_TARGET = 12.0;
				MTL_ENABLE_DEBUG_INFO = INCLUDE_SOURCE;
				MTL_FAST_MATH = YES;
				ONLY_ACTIVE_ARCH = YES;
				SDKROOT = iphoneos;
			};
			name = Debug;
		};
		28439A6921CC8EE4007E86BF /* Release */ = {
			isa = XCBuildConfiguration;
			buildSettings = {
				ALWAYS_SEARCH_USER_PATHS = NO;
				CLANG_ANALYZER_NONNULL = YES;
				CLANG_ANALYZER_NUMBER_OBJECT_CONVERSION = YES_AGGRESSIVE;
				CLANG_CXX_LANGUAGE_STANDARD = "gnu++14";
				CLANG_CXX_LIBRARY = "libc++";
				CLANG_ENABLE_MODULES = YES;
				CLANG_ENABLE_OBJC_ARC = YES;
				CLANG_ENABLE_OBJC_WEAK = YES;
				CLANG_WARN_BLOCK_CAPTURE_AUTORELEASING = YES;
				CLANG_WARN_BOOL_CONVERSION = YES;
				CLANG_WARN_COMMA = YES;
				CLANG_WARN_CONSTANT_CONVERSION = YES;
				CLANG_WARN_DEPRECATED_OBJC_IMPLEMENTATIONS = YES;
				CLANG_WARN_DIRECT_OBJC_ISA_USAGE = YES_ERROR;
				CLANG_WARN_DOCUMENTATION_COMMENTS = YES;
				CLANG_WARN_EMPTY_BODY = YES;
				CLANG_WARN_ENUM_CONVERSION = YES;
				CLANG_WARN_INFINITE_RECURSION = YES;
				CLANG_WARN_INT_CONVERSION = YES;
				CLANG_WARN_NON_LITERAL_NULL_CONVERSION = YES;
				CLANG_WARN_OBJC_IMPLICIT_RETAIN_SELF = YES;
				CLANG_WARN_OBJC_LITERAL_CONVERSION = YES;
				CLANG_WARN_OBJC_ROOT_CLASS = YES_ERROR;
				CLANG_WARN_RANGE_LOOP_ANALYSIS = YES;
				CLANG_WARN_STRICT_PROTOTYPES = YES;
				CLANG_WARN_SUSPICIOUS_MOVE = YES;
				CLANG_WARN_UNGUARDED_AVAILABILITY = YES_AGGRESSIVE;
				CLANG_WARN_UNREACHABLE_CODE = YES;
				CLANG_WARN__DUPLICATE_METHOD_MATCH = YES;
				CODE_SIGN_IDENTITY = "iPhone Developer";
				COPY_PHASE_STRIP = NO;
				DEBUG_INFORMATION_FORMAT = "dwarf-with-dsym";
				ENABLE_NS_ASSERTIONS = NO;
				ENABLE_STRICT_OBJC_MSGSEND = YES;
				GCC_C_LANGUAGE_STANDARD = gnu11;
				GCC_NO_COMMON_BLOCKS = YES;
				GCC_WARN_64_TO_32_BIT_CONVERSION = YES;
				GCC_WARN_ABOUT_RETURN_TYPE = YES_ERROR;
				GCC_WARN_UNDECLARED_SELECTOR = YES;
				GCC_WARN_UNINITIALIZED_AUTOS = YES_AGGRESSIVE;
				GCC_WARN_UNUSED_FUNCTION = YES;
				GCC_WARN_UNUSED_VARIABLE = YES;
				IPHONEOS_DEPLOYMENT_TARGET = 12.0;
				MTL_ENABLE_DEBUG_INFO = NO;
				MTL_FAST_MATH = YES;
				SDKROOT = iphoneos;
				VALIDATE_PRODUCT = YES;
			};
			name = Release;
		};
		28439A6B21CC8EE4007E86BF /* Debug */ = {
			isa = XCBuildConfiguration;
			buildSettings = {
				ASSETCATALOG_COMPILER_APPICON_NAME = AppIcon;
				CODE_SIGN_STYLE = Automatic;
				DEVELOPMENT_TEAM = F36KV5ER57;
				INFOPLIST_FILE = DetailPageArchitecture/Info.plist;
				LD_RUNPATH_SEARCH_PATHS = (
					"$(inherited)",
					"@executable_path/Frameworks",
				);
				PRODUCT_BUNDLE_IDENTIFIER = com.yuzhiyun.DetailPageArchitecture;
				PRODUCT_NAME = "$(TARGET_NAME)";
				TARGETED_DEVICE_FAMILY = "1,2";
			};
			name = Debug;
		};
		28439A6C21CC8EE4007E86BF /* Release */ = {
			isa = XCBuildConfiguration;
			buildSettings = {
				ASSETCATALOG_COMPILER_APPICON_NAME = AppIcon;
				CODE_SIGN_STYLE = Automatic;
				DEVELOPMENT_TEAM = F36KV5ER57;
				INFOPLIST_FILE = DetailPageArchitecture/Info.plist;
				LD_RUNPATH_SEARCH_PATHS = (
					"$(inherited)",
					"@executable_path/Frameworks",
				);
				PRODUCT_BUNDLE_IDENTIFIER = com.yuzhiyun.DetailPageArchitecture;
				PRODUCT_NAME = "$(TARGET_NAME)";
				TARGETED_DEVICE_FAMILY = "1,2";
			};
			name = Release;
		};
/* End XCBuildConfiguration section */

/* Begin XCConfigurationList section */
		28439A4F21CC8EE2007E86BF /* Build configuration list for PBXProject "DetailPageArchitecture" */ = {
			isa = XCConfigurationList;
			buildConfigurations = (
				28439A6821CC8EE4007E86BF /* Debug */,
				28439A6921CC8EE4007E86BF /* Release */,
			);
			defaultConfigurationIsVisible = 0;
			defaultConfigurationName = Release;
		};
		28439A6A21CC8EE4007E86BF /* Build configuration list for PBXNativeTarget "DetailPageArchitecture" */ = {
			isa = XCConfigurationList;
			buildConfigurations = (
				28439A6B21CC8EE4007E86BF /* Debug */,
				28439A6C21CC8EE4007E86BF /* Release */,
			);
			defaultConfigurationIsVisible = 0;
			defaultConfigurationName = Release;
		};
/* End XCConfigurationList section */
	};
	rootObject = 28439A4C21CC8EE2007E86BF /* Project object */;
}
